
Microsoft Visual Studio Solution File, Format Version 12.00
# Visual Studio 14
VisualStudioVersion = 14.0.25420.1
MinimumVisualStudioVersion = 10.0.40219.1
Project("{FAE04EC0-301F-11D3-BF4B-00C04F79EFBC}") = "Bliblioteca.Dalc", "Bliblioteca.Dalc\Bliblioteca.Dalc.csproj", "{FF76F8BA-F377-4E60-8ECF-76A1C5894402}"
EndProject
Project("{FAE04EC0-301F-11D3-BF4B-00C04F79EFBC}") = "Biblioteca.Entidades", "Biblioteca.Entidades\Biblioteca.Entidades.csproj", "{B481646D-1F7B-4FA0-BD92-A3EEA585635F}"
EndProject
Project("{FAE04EC0-301F-11D3-BF4B-00C04F79EFBC}") = "Vista", "Vista\Vista.csproj", "{06378703-8671-462F-BDE5-E18D6257B149}"
EndProject
Global
	GlobalSection(SolutionConfigurationPlatforms) = preSolution
		Debug|Any CPU = Debug|Any CPU
		Release|Any CPU = Release|Any CPU
	EndGlobalSection
	GlobalSection(ProjectConfigurationPlatforms) = postSolution
		{FF76F8BA-F377-4E60-8ECF-76A1C5894402}.Debug|Any CPU.ActiveCfg = Debug|Any CPU
		{FF76F8BA-F377-4E60-8ECF-76A1C5894402}.Debug|Any CPU.Build.0 = Debug|Any CPU
		{FF76F8BA-F377-4E60-8ECF-76A1C5894402}.Release|Any CPU.ActiveCfg = Release|Any CPU
		{FF76F8BA-F377-4E60-8ECF-76A1C5894402}.Release|Any CPU.Build.0 = Release|Any CPU
		{B481646D-1F7B-4FA0-BD92-A3EEA585635F}.Debug|Any CPU.ActiveCfg = Debug|Any CPU
		{B481646D-1F7B-4FA0-BD92-A3EEA585635F}.Debug|Any CPU.Build.0 = Debug|Any CPU
		{B481646D-1F7B-4FA0-BD92-A3EEA585635F}.Release|Any CPU.ActiveCfg = Release|Any CPU
		{B481646D-1F7B-4FA0-BD92-A3EEA585635F}.Release|Any CPU.Build.0 = Release|Any CPU
		{06378703-8671-462F-BDE5-E18D6257B149}.Debug|Any CPU.ActiveCfg = Debug|Any CPU
		{06378703-8671-462F-BDE5-E18D6257B149}.Debug|Any CPU.Build.0 = Debug|Any CPU
		{06378703-8671-462F-BDE5-E18D6257B149}.Release|Any CPU.ActiveCfg = Release|Any CPU
		{06378703-8671-462F-BDE5-E18D6257B149}.Release|Any CPU.Build.0 = Release|Any CPU
	EndGlobalSection
	GlobalSection(SolutionProperties) = preSolution
		HideSolutionNode = FALSE
	EndGlobalSection
EndGlobal
